
Microsoft Visual Studio Solution File, Format Version 12.00
# Visual Studio Version 17
VisualStudioVersion = 17.2.32630.192
MinimumVisualStudioVersion = 10.0.40219.1
Project("{9A19103F-16F7-4668-BE54-9A1E7A4F7556}") = "ProjetoConfitec", "ProjetoConfitec\ProjetoConfitec.csproj", "{98E0702C-654C-4F60-9FC7-81EB4C64AB3B}"
EndProject
Global
	GlobalSection(SolutionConfigurationPlatforms) = preSolution
		Debug|Any CPU = Debug|Any CPU
		Release|Any CPU = Release|Any CPU
	EndGlobalSection
	GlobalSection(ProjectConfigurationPlatforms) = postSolution
		{98E0702C-654C-4F60-9FC7-81EB4C64AB3B}.Debug|Any CPU.ActiveCfg = Debug|Any CPU
		{98E0702C-654C-4F60-9FC7-81EB4C64AB3B}.Debug|Any CPU.Build.0 = Debug|Any CPU
		{98E0702C-654C-4F60-9FC7-81EB4C64AB3B}.Release|Any CPU.ActiveCfg = Release|Any CPU
		{98E0702C-654C-4F60-9FC7-81EB4C64AB3B}.Release|Any CPU.Build.0 = Release|Any CPU
	EndGlobalSection
	GlobalSection(SolutionProperties) = preSolution
		HideSolutionNode = FALSE
	EndGlobalSection
	GlobalSection(ExtensibilityGlobals) = postSolution
		SolutionGuid = {3BAA918E-B063-4311-A536-6666CF18DE4F}
	EndGlobalSection
EndGlobal
